
Microsoft Visual Studio Solution File, Format Version 12.00
# Visual Studio Version 16
VisualStudioVersion = 16.0.30503.244
MinimumVisualStudioVersion = 10.0.40219.1
Project("{9A19103F-16F7-4668-BE54-9A1E7A4F7556}") = "Database", "Database\Database.csproj", "{BF6AA50C-62DF-4B33-9307-1FC484086CB5}"
EndProject
Project("{FAE04EC0-301F-11D3-BF4B-00C04F79EFBC}") = "localhostUI", "localhostUI\localhostUI.csproj", "{42F6B33F-F1F3-461C-86AC-2BF81EA6326B}"
EndProject
Global
	GlobalSection(SolutionConfigurationPlatforms) = preSolution
		Debug|Any CPU = Debug|Any CPU
		Release|Any CPU = Release|Any CPU
	EndGlobalSection
	GlobalSection(ProjectConfigurationPlatforms) = postSolution
		{BF6AA50C-62DF-4B33-9307-1FC484086CB5}.Debug|Any CPU.ActiveCfg = Debug|Any CPU
		{BF6AA50C-62DF-4B33-9307-1FC484086CB5}.Debug|Any CPU.Build.0 = Debug|Any CPU
		{BF6AA50C-62DF-4B33-9307-1FC484086CB5}.Release|Any CPU.ActiveCfg = Release|Any CPU
		{BF6AA50C-62DF-4B33-9307-1FC484086CB5}.Release|Any CPU.Build.0 = Release|Any CPU
		{42F6B33F-F1F3-461C-86AC-2BF81EA6326B}.Debug|Any CPU.ActiveCfg = Debug|Any CPU
		{42F6B33F-F1F3-461C-86AC-2BF81EA6326B}.Debug|Any CPU.Build.0 = Debug|Any CPU
		{42F6B33F-F1F3-461C-86AC-2BF81EA6326B}.Release|Any CPU.ActiveCfg = Release|Any CPU
		{42F6B33F-F1F3-461C-86AC-2BF81EA6326B}.Release|Any CPU.Build.0 = Release|Any CPU
	EndGlobalSection
	GlobalSection(SolutionProperties) = preSolution
		HideSolutionNode = FALSE
	EndGlobalSection
	GlobalSection(ExtensibilityGlobals) = postSolution
		SolutionGuid = {54946147-A9F5-4234-8168-8FEBBECB8DDF}
	EndGlobalSection
EndGlobal
